{
  "name": "Bolt",
  "version": "1.0.0",
  "lockfileVersion": 3,
  "packages": {
    "": {
      "name": "Bolt",
      "version": "1.0.0",
      "dependencies": {
        "dummy": "^1.0.0"
      }
    },
    "node_modules/dummy": {
      "name": "dummy",
      "version": "1.0.0",
      "resolved": "http://127.0.0.1:52211/tarballs/dummy-1.0.0.tgz",
      "integrity": "sha512-5WBtdnX9rm2uBnZxEMethADJiF4cgnKUuVsKyI93JP+69f55gXRa1PZhpFxsj1ocD79f8gYl4A7bnnItsa67Gw=="
    }
  }
}
